# This file is automatically @generated by Cargo.
# It is not intended for manual editing.
version = 4

[[package]]
name = "bincode"
version = "1.0.0-alpha7"
source = "git+https://github.com/bincode-org/bincode.git?tag=v1.0.0-alpha7#f3b0e2c3a9dfa1be0e3c39692accb535777ec700"
dependencies = [
 "byteorder",
 "num-traits",
 "serde",
]

[[package]]
name = "bitflags"
version = "2.9.1"
source = "registry+https://github.com/rust-lang/crates.io-index"
checksum = "1b8e56985ec62d17e9c1001dc89c88ecd7dc08e47eba5ec7c29c7b5eeecde967"

[[package]]
name = "byteorder"
version = "1.0.0"
source = "registry+https://github.com/rust-lang/crates.io-index"
checksum = "c40977b0ee6b9885c9013cd41d9feffdd22deb3bb4dc3a71d901cc7a77de18c8"

[[package]]
name = "cfg-if"
version = "1.0.1"
source = "registry+https://github.com/rust-lang/crates.io-index"
checksum = "9555578bc9e57714c812a1f84e4fc5b4d21fcb063490c624de019f7464c91268"

[[package]]
name = "cfg_aliases"
version = "0.2.1"
source = "registry+https://github.com/rust-lang/crates.io-index"
checksum = "613afe47fcd5fac7ccf1db93babcb082c5994d996f20b8b159f2ad1658eb5724"

[[package]]
name = "fs2"
version = "0.4.1"
source = "registry+https://github.com/rust-lang/crates.io-index"
checksum = "34edaee07555859dc13ca387e6ae05686bb4d0364c95d649b6dab959511f4baf"
dependencies = [
 "kernel32-sys",
 "libc",
 "winapi",
]

[[package]]
name = "kernel32-sys"
version = "0.2.2"
source = "registry+https://github.com/rust-lang/crates.io-index"
checksum = "7507624b29483431c0ba2d82aece8ca6cdba9382bff4ddd0f7490560c056098d"
dependencies = [
 "winapi",
 "winapi-build",
]

[[package]]
name = "lazy_static"
version = "0.2.6"
source = "registry+https://github.com/rust-lang/crates.io-index"
checksum = "2f61b8421c7a4648c391611625d56fdd5c7567da05af1be655fd8cacc643abb3"

[[package]]
name = "libc"
version = "0.2.173"
source = "registry+https://github.com/rust-lang/crates.io-index"
checksum = "d8cfeafaffdbc32176b64fb251369d52ea9f0a8fbc6f8759edffef7b525d64bb"

[[package]]
name = "memmap"
version = "0.5.2"
source = "registry+https://github.com/rust-lang/crates.io-index"
checksum = "46f3c7359028b31999287dae4e5047ddfe90a23b7dca2282ce759b491080c99b"
dependencies = [
 "fs2",
 "kernel32-sys",
 "libc",
 "winapi",
]

[[package]]
name = "nix"
version = "0.30.1"
source = "registry+https://github.com/rust-lang/crates.io-index"
checksum = "74523f3a35e05aba87a1d978330aef40f67b0304ac79c1c00b294c9830543db6"
dependencies = [
 "bitflags",
 "cfg-if",
 "cfg_aliases",
 "libc",
]

[[package]]
name = "num-traits"
version = "0.1.37"
source = "registry+https://github.com/rust-lang/crates.io-index"
checksum = "e1cbfa3781f3fe73dc05321bed52a06d2d491eaa764c52335cf4399f046ece99"

[[package]]
name = "quote"
version = "0.3.15"
source = "registry+https://github.com/rust-lang/crates.io-index"
checksum = "7a6e920b65c65f10b2ae65c831a81a073a89edd28c7cce89475bff467ab4167a"

[[package]]
name = "sandcrust"
version = "0.1.0"
dependencies = [
 "bincode",
 "lazy_static",
 "libc",
 "memmap",
 "nix",
 "sandheap",
 "serde",
 "serde_derive",
]

[[package]]
name = "sandheap"
version = "0.1.0"
source = "git+https://github.com/atopia/sandheap#efdde8dd8622c1d0cdd67f9c5842d77d156295f9"

[[package]]
name = "serde"
version = "0.9.13"
source = "registry+https://github.com/rust-lang/crates.io-index"
checksum = "231dfd55909400769e437326cfb4af8bec97c3dd56ab3d02df8ef5c7e00f179b"

[[package]]
name = "serde_codegen_internals"
version = "0.14.2"
source = "registry+https://github.com/rust-lang/crates.io-index"
checksum = "bc888bd283bd2420b16ad0d860e35ad8acb21941180a83a189bb2046f9d00400"
dependencies = [
 "syn",
]

[[package]]
name = "serde_derive"
version = "0.9.13"
source = "registry+https://github.com/rust-lang/crates.io-index"
checksum = "d75c72ef4dd193d89eb652b73890fe2489996c9ead8b37980f57a1078f96ed50"
dependencies = [
 "quote",
 "serde_codegen_internals",
 "syn",
]

[[package]]
name = "syn"
version = "0.11.10"
source = "registry+https://github.com/rust-lang/crates.io-index"
checksum = "171b739972d9a1bfb169e8077238b51f9ebeaae4ff6e08072f7ba386a8802da2"
dependencies = [
 "quote",
 "synom",
 "unicode-xid",
]

[[package]]
name = "synom"
version = "0.11.3"
source = "registry+https://github.com/rust-lang/crates.io-index"
checksum = "a393066ed9010ebaed60b9eafa373d4b1baac186dd7e008555b0f702b51945b6"
dependencies = [
 "unicode-xid",
]

[[package]]
name = "unicode-xid"
version = "0.0.4"
source = "registry+https://github.com/rust-lang/crates.io-index"
checksum = "8c1f860d7d29cf02cb2f3f359fd35991af3d30bac52c57d265a3c461074cb4dc"

[[package]]
name = "winapi"
version = "0.2.8"
source = "registry+https://github.com/rust-lang/crates.io-index"
checksum = "167dc9d6949a9b857f3451275e911c3f44255842c1f7a76f33c55103a909087a"

[[package]]
name = "winapi-build"
version = "0.1.1"
source = "registry+https://github.com/rust-lang/crates.io-index"
checksum = "2d315eee3b34aca4797b2da6b13ed88266e6d612562a0c46390af8299fc699bc"
